
Microsoft Visual Studio Solution File, Format Version 12.00
# Visual Studio Version 17
VisualStudioVersion = 17.7.34221.43
MinimumVisualStudioVersion = 10.0.40219.1
Project("{FAE04EC0-301F-11D3-BF4B-00C04F79EFBC}") = "MuscleMayhem", "MuscleMayhem\MuscleMayhem.csproj", "{4E330FD7-8602-4C8E-AAA4-111D53B110C3}"
EndProject
Global
	GlobalSection(SolutionConfigurationPlatforms) = preSolution
		Debug|Any CPU = Debug|Any CPU
		Release|Any CPU = Release|Any CPU
	EndGlobalSection
	GlobalSection(ProjectConfigurationPlatforms) = postSolution
		{4E330FD7-8602-4C8E-AAA4-111D53B110C3}.Debug|Any CPU.ActiveCfg = Debug|Any CPU
		{4E330FD7-8602-4C8E-AAA4-111D53B110C3}.Debug|Any CPU.Build.0 = Debug|Any CPU
		{4E330FD7-8602-4C8E-AAA4-111D53B110C3}.Release|Any CPU.ActiveCfg = Release|Any CPU
		{4E330FD7-8602-4C8E-AAA4-111D53B110C3}.Release|Any CPU.Build.0 = Release|Any CPU
	EndGlobalSection
	GlobalSection(SolutionProperties) = preSolution
		HideSolutionNode = FALSE
	EndGlobalSection
	GlobalSection(ExtensibilityGlobals) = postSolution
		SolutionGuid = {C20A8D52-C4E3-4D70-A459-CA2E95BCF213}
	EndGlobalSection
EndGlobal
