
Microsoft Visual Studio Solution File, Format Version 12.00
# Visual Studio Version 17
VisualStudioVersion = 17.9.34723.18
MinimumVisualStudioVersion = 10.0.40219.1
Project("{FAE04EC0-301F-11D3-BF4B-00C04F79EFBC}") = "MuscleMayhem", "MuscleMayhem\MuscleMayhem.csproj", "{A4F4FAB1-CE04-4E97-B47B-856190E3E5BC}"
EndProject
Project("{FAE04EC0-301F-11D3-BF4B-00C04F79EFBC}") = "MuscleMayhem_Lib", "MuscleMayhem_Lib\MuscleMayhem_Lib.csproj", "{E227A2AC-FB68-4312-A36C-8A15A85DC4AB}"
EndProject
Global
	GlobalSection(SolutionConfigurationPlatforms) = preSolution
		Debug|Any CPU = Debug|Any CPU
		Release|Any CPU = Release|Any CPU
	EndGlobalSection
	GlobalSection(ProjectConfigurationPlatforms) = postSolution
		{A4F4FAB1-CE04-4E97-B47B-856190E3E5BC}.Debug|Any CPU.ActiveCfg = Debug|Any CPU
		{A4F4FAB1-CE04-4E97-B47B-856190E3E5BC}.Debug|Any CPU.Build.0 = Debug|Any CPU
		{A4F4FAB1-CE04-4E97-B47B-856190E3E5BC}.Release|Any CPU.ActiveCfg = Release|Any CPU
		{A4F4FAB1-CE04-4E97-B47B-856190E3E5BC}.Release|Any CPU.Build.0 = Release|Any CPU
		{E227A2AC-FB68-4312-A36C-8A15A85DC4AB}.Debug|Any CPU.ActiveCfg = Debug|Any CPU
		{E227A2AC-FB68-4312-A36C-8A15A85DC4AB}.Debug|Any CPU.Build.0 = Debug|Any CPU
		{E227A2AC-FB68-4312-A36C-8A15A85DC4AB}.Release|Any CPU.ActiveCfg = Release|Any CPU
		{E227A2AC-FB68-4312-A36C-8A15A85DC4AB}.Release|Any CPU.Build.0 = Release|Any CPU
	EndGlobalSection
	GlobalSection(SolutionProperties) = preSolution
		HideSolutionNode = FALSE
	EndGlobalSection
	GlobalSection(ExtensibilityGlobals) = postSolution
		SolutionGuid = {C331DAEF-CFD9-4D35-AD5A-2A534C106A78}
	EndGlobalSection
EndGlobal
